
Microsoft Visual Studio Solution File, Format Version 12.00
# Visual Studio Version 16
VisualStudioVersion = 16.0.29728.190
MinimumVisualStudioVersion = 10.0.40219.1
Project("{FAE04EC0-301F-11D3-BF4B-00C04F79EFBC}") = "PeopleAllocationManager", "PeopleAllocationManager\PeopleAllocationManager.csproj", "{AA50DD5B-C95E-469B-84CB-DC333E58255D}"
EndProject
Global
	GlobalSection(SolutionConfigurationPlatforms) = preSolution
		Debug|Any CPU = Debug|Any CPU
		Release|Any CPU = Release|Any CPU
	EndGlobalSection
	GlobalSection(ProjectConfigurationPlatforms) = postSolution
		{AA50DD5B-C95E-469B-84CB-DC333E58255D}.Debug|Any CPU.ActiveCfg = Debug|Any CPU
		{AA50DD5B-C95E-469B-84CB-DC333E58255D}.Debug|Any CPU.Build.0 = Debug|Any CPU
		{AA50DD5B-C95E-469B-84CB-DC333E58255D}.Release|Any CPU.ActiveCfg = Release|Any CPU
		{AA50DD5B-C95E-469B-84CB-DC333E58255D}.Release|Any CPU.Build.0 = Release|Any CPU
	EndGlobalSection
	GlobalSection(SolutionProperties) = preSolution
		HideSolutionNode = FALSE
	EndGlobalSection
	GlobalSection(ExtensibilityGlobals) = postSolution
		SolutionGuid = {E10F2BC9-538F-4B24-B5B6-BF95A5DF349D}
	EndGlobalSection
EndGlobal
